
Microsoft Visual Studio Solution File, Format Version 12.00
# Visual Studio Version 17
VisualStudioVersion = 17.8.34322.80
MinimumVisualStudioVersion = 10.0.40219.1
Project("{8BC9CEB8-8B4A-11D0-8D11-00A0C91BC942}") = "chap01_pointer", "HoneyDS.vcxproj", "{895141BE-A5DF-4F1D-863D-183443843D39}"
EndProject
Project("{8BC9CEB8-8B4A-11D0-8D11-00A0C91BC942}") = "chap02_memalloc", "..\chap02_memalloc\chap02_memalloc.vcxproj", "{23C3D0EF-0EAF-481A-B07E-38F6D59FD08D}"
EndProject
Global
	GlobalSection(SolutionConfigurationPlatforms) = preSolution
		Debug|x64 = Debug|x64
		Debug|x86 = Debug|x86
		Release|x64 = Release|x64
		Release|x86 = Release|x86
	EndGlobalSection
	GlobalSection(ProjectConfigurationPlatforms) = postSolution
		{895141BE-A5DF-4F1D-863D-183443843D39}.Debug|x64.ActiveCfg = Debug|x64
		{895141BE-A5DF-4F1D-863D-183443843D39}.Debug|x64.Build.0 = Debug|x64
		{895141BE-A5DF-4F1D-863D-183443843D39}.Debug|x86.ActiveCfg = Debug|Win32
		{895141BE-A5DF-4F1D-863D-183443843D39}.Debug|x86.Build.0 = Debug|Win32
		{895141BE-A5DF-4F1D-863D-183443843D39}.Release|x64.ActiveCfg = Release|x64
		{895141BE-A5DF-4F1D-863D-183443843D39}.Release|x64.Build.0 = Release|x64
		{895141BE-A5DF-4F1D-863D-183443843D39}.Release|x86.ActiveCfg = Release|Win32
		{895141BE-A5DF-4F1D-863D-183443843D39}.Release|x86.Build.0 = Release|Win32
		{23C3D0EF-0EAF-481A-B07E-38F6D59FD08D}.Debug|x64.ActiveCfg = Debug|x64
		{23C3D0EF-0EAF-481A-B07E-38F6D59FD08D}.Debug|x64.Build.0 = Debug|x64
		{23C3D0EF-0EAF-481A-B07E-38F6D59FD08D}.Debug|x86.ActiveCfg = Debug|Win32
		{23C3D0EF-0EAF-481A-B07E-38F6D59FD08D}.Debug|x86.Build.0 = Debug|Win32
		{23C3D0EF-0EAF-481A-B07E-38F6D59FD08D}.Release|x64.ActiveCfg = Release|x64
		{23C3D0EF-0EAF-481A-B07E-38F6D59FD08D}.Release|x64.Build.0 = Release|x64
		{23C3D0EF-0EAF-481A-B07E-38F6D59FD08D}.Release|x86.ActiveCfg = Release|Win32
		{23C3D0EF-0EAF-481A-B07E-38F6D59FD08D}.Release|x86.Build.0 = Release|Win32
	EndGlobalSection
	GlobalSection(SolutionProperties) = preSolution
		HideSolutionNode = FALSE
	EndGlobalSection
	GlobalSection(ExtensibilityGlobals) = postSolution
		SolutionGuid = {67F3B6C3-A11F-42FA-B1A6-AC7FA5F27C42}
	EndGlobalSection
EndGlobal
