
Microsoft Visual Studio Solution File, Format Version 12.00
# Visual Studio Version 17
VisualStudioVersion = 17.8.34322.80
MinimumVisualStudioVersion = 10.0.40219.1
Project("{8BC9CEB8-8B4A-11D0-8D11-00A0C91BC942}") = "chap01_pointer", "HoneyDS.vcxproj", "{895141BE-A5DF-4F1D-863D-183443843D39}"
EndProject
Project("{8BC9CEB8-8B4A-11D0-8D11-00A0C91BC942}") = "chap02_memalloc", "..\chap02_memalloc\chap02_memalloc.vcxproj", "{23C3D0EF-0EAF-481A-B07E-38F6D59FD08D}"
EndProject
Project("{8BC9CEB8-8B4A-11D0-8D11-00A0C91BC942}") = "chap03_구조체", "..\chap03_구조체\chap03_구조체.vcxproj", "{DF7F78DC-17BF-44F3-8BAD-D2421CE03C67}"
EndProject
Project("{8BC9CEB8-8B4A-11D0-8D11-00A0C91BC942}") = "chap04_연결리스트", "..\chap04_연결리스트\chap04_연결리스트.vcxproj", "{55F31D8B-B3C1-493B-A609-17DDC8BB4998}"
EndProject
Project("{8BC9CEB8-8B4A-11D0-8D11-00A0C91BC942}") = "chap05_이중연결리스트", "..\chap05_이중연결리스트\chap05_이중연결리스트.vcxproj", "{D62C1E1C-C3F1-4FCD-829D-431C3C2A23E0}"
EndProject
Project("{8BC9CEB8-8B4A-11D0-8D11-00A0C91BC942}") = "chap06_stack", "..\chap06_stack\chap06_stack.vcxproj", "{F3E2E3E1-DE32-4D0B-A00B-FE1165AAE211}"
EndProject
Project("{8BC9CEB8-8B4A-11D0-8D11-00A0C91BC942}") = "chap07_큐", "..\chap07_큐\chap07_큐.vcxproj", "{D1BBC74E-363D-43FF-B238-FFDFB2E3A217}"
EndProject
Project("{8BC9CEB8-8B4A-11D0-8D11-00A0C91BC942}") = "file_IO", "..\file_IO\file_IO.vcxproj", "{1FD1B599-0FD9-4D0E-A585-A01127005E87}"
EndProject
Project("{8BC9CEB8-8B4A-11D0-8D11-00A0C91BC942}") = "chap08_재귀함수", "..\chap08_재귀함수\chap08_재귀함수.vcxproj", "{248BCD89-411B-4C9F-B8E9-F309781E68F1}"
EndProject
Project("{8BC9CEB8-8B4A-11D0-8D11-00A0C91BC942}") = "chap09_tree", "..\chap09_tree\chap09_tree.vcxproj", "{07069153-B2E2-4B85-9DEB-3BAF533FC027}"
EndProject
Project("{8BC9CEB8-8B4A-11D0-8D11-00A0C91BC942}") = "chap10_BST", "..\chap10_BST\chap10_BST.vcxproj", "{CA5E8691-7479-47FF-B6E4-CBE28162A24D}"
EndProject
Global
	GlobalSection(SolutionConfigurationPlatforms) = preSolution
		Debug|x64 = Debug|x64
		Debug|x86 = Debug|x86
		Release|x64 = Release|x64
		Release|x86 = Release|x86
	EndGlobalSection
	GlobalSection(ProjectConfigurationPlatforms) = postSolution
		{895141BE-A5DF-4F1D-863D-183443843D39}.Debug|x64.ActiveCfg = Debug|x64
		{895141BE-A5DF-4F1D-863D-183443843D39}.Debug|x64.Build.0 = Debug|x64
		{895141BE-A5DF-4F1D-863D-183443843D39}.Debug|x86.ActiveCfg = Debug|Win32
		{895141BE-A5DF-4F1D-863D-183443843D39}.Debug|x86.Build.0 = Debug|Win32
		{895141BE-A5DF-4F1D-863D-183443843D39}.Release|x64.ActiveCfg = Release|x64
		{895141BE-A5DF-4F1D-863D-183443843D39}.Release|x64.Build.0 = Release|x64
		{895141BE-A5DF-4F1D-863D-183443843D39}.Release|x86.ActiveCfg = Release|Win32
		{895141BE-A5DF-4F1D-863D-183443843D39}.Release|x86.Build.0 = Release|Win32
		{23C3D0EF-0EAF-481A-B07E-38F6D59FD08D}.Debug|x64.ActiveCfg = Debug|x64
		{23C3D0EF-0EAF-481A-B07E-38F6D59FD08D}.Debug|x64.Build.0 = Debug|x64
		{23C3D0EF-0EAF-481A-B07E-38F6D59FD08D}.Debug|x86.ActiveCfg = Debug|Win32
		{23C3D0EF-0EAF-481A-B07E-38F6D59FD08D}.Debug|x86.Build.0 = Debug|Win32
		{23C3D0EF-0EAF-481A-B07E-38F6D59FD08D}.Release|x64.ActiveCfg = Release|x64
		{23C3D0EF-0EAF-481A-B07E-38F6D59FD08D}.Release|x64.Build.0 = Release|x64
		{23C3D0EF-0EAF-481A-B07E-38F6D59FD08D}.Release|x86.ActiveCfg = Release|Win32
		{23C3D0EF-0EAF-481A-B07E-38F6D59FD08D}.Release|x86.Build.0 = Release|Win32
		{DF7F78DC-17BF-44F3-8BAD-D2421CE03C67}.Debug|x64.ActiveCfg = Debug|x64
		{DF7F78DC-17BF-44F3-8BAD-D2421CE03C67}.Debug|x64.Build.0 = Debug|x64
		{DF7F78DC-17BF-44F3-8BAD-D2421CE03C67}.Debug|x86.ActiveCfg = Debug|Win32
		{DF7F78DC-17BF-44F3-8BAD-D2421CE03C67}.Debug|x86.Build.0 = Debug|Win32
		{DF7F78DC-17BF-44F3-8BAD-D2421CE03C67}.Release|x64.ActiveCfg = Release|x64
		{DF7F78DC-17BF-44F3-8BAD-D2421CE03C67}.Release|x64.Build.0 = Release|x64
		{DF7F78DC-17BF-44F3-8BAD-D2421CE03C67}.Release|x86.ActiveCfg = Release|Win32
		{DF7F78DC-17BF-44F3-8BAD-D2421CE03C67}.Release|x86.Build.0 = Release|Win32
		{55F31D8B-B3C1-493B-A609-17DDC8BB4998}.Debug|x64.ActiveCfg = Debug|x64
		{55F31D8B-B3C1-493B-A609-17DDC8BB4998}.Debug|x64.Build.0 = Debug|x64
		{55F31D8B-B3C1-493B-A609-17DDC8BB4998}.Debug|x86.ActiveCfg = Debug|Win32
		{55F31D8B-B3C1-493B-A609-17DDC8BB4998}.Debug|x86.Build.0 = Debug|Win32
		{55F31D8B-B3C1-493B-A609-17DDC8BB4998}.Release|x64.ActiveCfg = Release|x64
		{55F31D8B-B3C1-493B-A609-17DDC8BB4998}.Release|x64.Build.0 = Release|x64
		{55F31D8B-B3C1-493B-A609-17DDC8BB4998}.Release|x86.ActiveCfg = Release|Win32
		{55F31D8B-B3C1-493B-A609-17DDC8BB4998}.Release|x86.Build.0 = Release|Win32
		{D62C1E1C-C3F1-4FCD-829D-431C3C2A23E0}.Debug|x64.ActiveCfg = Debug|x64
		{D62C1E1C-C3F1-4FCD-829D-431C3C2A23E0}.Debug|x64.Build.0 = Debug|x64
		{D62C1E1C-C3F1-4FCD-829D-431C3C2A23E0}.Debug|x86.ActiveCfg = Debug|Win32
		{D62C1E1C-C3F1-4FCD-829D-431C3C2A23E0}.Debug|x86.Build.0 = Debug|Win32
		{D62C1E1C-C3F1-4FCD-829D-431C3C2A23E0}.Release|x64.ActiveCfg = Release|x64
		{D62C1E1C-C3F1-4FCD-829D-431C3C2A23E0}.Release|x64.Build.0 = Release|x64
		{D62C1E1C-C3F1-4FCD-829D-431C3C2A23E0}.Release|x86.ActiveCfg = Release|Win32
		{D62C1E1C-C3F1-4FCD-829D-431C3C2A23E0}.Release|x86.Build.0 = Release|Win32
		{F3E2E3E1-DE32-4D0B-A00B-FE1165AAE211}.Debug|x64.ActiveCfg = Debug|x64
		{F3E2E3E1-DE32-4D0B-A00B-FE1165AAE211}.Debug|x64.Build.0 = Debug|x64
		{F3E2E3E1-DE32-4D0B-A00B-FE1165AAE211}.Debug|x86.ActiveCfg = Debug|Win32
		{F3E2E3E1-DE32-4D0B-A00B-FE1165AAE211}.Debug|x86.Build.0 = Debug|Win32
		{F3E2E3E1-DE32-4D0B-A00B-FE1165AAE211}.Release|x64.ActiveCfg = Release|x64
		{F3E2E3E1-DE32-4D0B-A00B-FE1165AAE211}.Release|x64.Build.0 = Release|x64
		{F3E2E3E1-DE32-4D0B-A00B-FE1165AAE211}.Release|x86.ActiveCfg = Release|Win32
		{F3E2E3E1-DE32-4D0B-A00B-FE1165AAE211}.Release|x86.Build.0 = Release|Win32
		{D1BBC74E-363D-43FF-B238-FFDFB2E3A217}.Debug|x64.ActiveCfg = Debug|x64
		{D1BBC74E-363D-43FF-B238-FFDFB2E3A217}.Debug|x64.Build.0 = Debug|x64
		{D1BBC74E-363D-43FF-B238-FFDFB2E3A217}.Debug|x86.ActiveCfg = Debug|Win32
		{D1BBC74E-363D-43FF-B238-FFDFB2E3A217}.Debug|x86.Build.0 = Debug|Win32
		{D1BBC74E-363D-43FF-B238-FFDFB2E3A217}.Release|x64.ActiveCfg = Release|x64
		{D1BBC74E-363D-43FF-B238-FFDFB2E3A217}.Release|x64.Build.0 = Release|x64
		{D1BBC74E-363D-43FF-B238-FFDFB2E3A217}.Release|x86.ActiveCfg = Release|Win32
		{D1BBC74E-363D-43FF-B238-FFDFB2E3A217}.Release|x86.Build.0 = Release|Win32
		{1FD1B599-0FD9-4D0E-A585-A01127005E87}.Debug|x64.ActiveCfg = Debug|x64
		{1FD1B599-0FD9-4D0E-A585-A01127005E87}.Debug|x64.Build.0 = Debug|x64
		{1FD1B599-0FD9-4D0E-A585-A01127005E87}.Debug|x86.ActiveCfg = Debug|Win32
		{1FD1B599-0FD9-4D0E-A585-A01127005E87}.Debug|x86.Build.0 = Debug|Win32
		{1FD1B599-0FD9-4D0E-A585-A01127005E87}.Release|x64.ActiveCfg = Release|x64
		{1FD1B599-0FD9-4D0E-A585-A01127005E87}.Release|x64.Build.0 = Release|x64
		{1FD1B599-0FD9-4D0E-A585-A01127005E87}.Release|x86.ActiveCfg = Release|Win32
		{1FD1B599-0FD9-4D0E-A585-A01127005E87}.Release|x86.Build.0 = Release|Win32
		{248BCD89-411B-4C9F-B8E9-F309781E68F1}.Debug|x64.ActiveCfg = Debug|x64
		{248BCD89-411B-4C9F-B8E9-F309781E68F1}.Debug|x64.Build.0 = Debug|x64
		{248BCD89-411B-4C9F-B8E9-F309781E68F1}.Debug|x86.ActiveCfg = Debug|Win32
		{248BCD89-411B-4C9F-B8E9-F309781E68F1}.Debug|x86.Build.0 = Debug|Win32
		{248BCD89-411B-4C9F-B8E9-F309781E68F1}.Release|x64.ActiveCfg = Release|x64
		{248BCD89-411B-4C9F-B8E9-F309781E68F1}.Release|x64.Build.0 = Release|x64
		{248BCD89-411B-4C9F-B8E9-F309781E68F1}.Release|x86.ActiveCfg = Release|Win32
		{248BCD89-411B-4C9F-B8E9-F309781E68F1}.Release|x86.Build.0 = Release|Win32
		{07069153-B2E2-4B85-9DEB-3BAF533FC027}.Debug|x64.ActiveCfg = Debug|x64
		{07069153-B2E2-4B85-9DEB-3BAF533FC027}.Debug|x64.Build.0 = Debug|x64
		{07069153-B2E2-4B85-9DEB-3BAF533FC027}.Debug|x86.ActiveCfg = Debug|Win32
		{07069153-B2E2-4B85-9DEB-3BAF533FC027}.Debug|x86.Build.0 = Debug|Win32
		{07069153-B2E2-4B85-9DEB-3BAF533FC027}.Release|x64.ActiveCfg = Release|x64
		{07069153-B2E2-4B85-9DEB-3BAF533FC027}.Release|x64.Build.0 = Release|x64
		{07069153-B2E2-4B85-9DEB-3BAF533FC027}.Release|x86.ActiveCfg = Release|Win32
		{07069153-B2E2-4B85-9DEB-3BAF533FC027}.Release|x86.Build.0 = Release|Win32
		{CA5E8691-7479-47FF-B6E4-CBE28162A24D}.Debug|x64.ActiveCfg = Debug|x64
		{CA5E8691-7479-47FF-B6E4-CBE28162A24D}.Debug|x64.Build.0 = Debug|x64
		{CA5E8691-7479-47FF-B6E4-CBE28162A24D}.Debug|x86.ActiveCfg = Debug|Win32
		{CA5E8691-7479-47FF-B6E4-CBE28162A24D}.Debug|x86.Build.0 = Debug|Win32
		{CA5E8691-7479-47FF-B6E4-CBE28162A24D}.Release|x64.ActiveCfg = Release|x64
		{CA5E8691-7479-47FF-B6E4-CBE28162A24D}.Release|x64.Build.0 = Release|x64
		{CA5E8691-7479-47FF-B6E4-CBE28162A24D}.Release|x86.ActiveCfg = Release|Win32
		{CA5E8691-7479-47FF-B6E4-CBE28162A24D}.Release|x86.Build.0 = Release|Win32
	EndGlobalSection
	GlobalSection(SolutionProperties) = preSolution
		HideSolutionNode = FALSE
	EndGlobalSection
	GlobalSection(ExtensibilityGlobals) = postSolution
		SolutionGuid = {67F3B6C3-A11F-42FA-B1A6-AC7FA5F27C42}
	EndGlobalSection
EndGlobal
